// !$*UTF8*$!
{
	archiveVersion = 1;
	classes = {
	};
	objectVersion = 50;
	objects = {

/* Begin PBXBuildFile section */
		72DA4F2403DA0E835D96D957 /* Pods_Fiasy.framework in Frameworks */ = {isa = PBXBuildFile; fileRef = 6DBF4E95AB3377B64154ACC4 /* Pods_Fiasy.framework */; };
		F00E04B12251903800A25126 /* MainViewController.swift in Sources */ = {isa = PBXBuildFile; fileRef = F00E04B02251903800A25126 /* MainViewController.swift */; };
		F00E04B32251937300A25126 /* MainStoryboard.storyboard in Resources */ = {isa = PBXBuildFile; fileRef = F00E04B22251937300A25126 /* MainStoryboard.storyboard */; };
		F00E6DCC2251E8620055179E /* TabBarController.storyboard in Resources */ = {isa = PBXBuildFile; fileRef = F00E6DCB2251E8620055179E /* TabBarController.storyboard */; };
		F00E6DCE2251E89F0055179E /* MainTabBarVC.swift in Sources */ = {isa = PBXBuildFile; fileRef = F00E6DCD2251E89F0055179E /* MainTabBarVC.swift */; };
		F00E6DD02251ED860055179E /* MyViewController.swift in Sources */ = {isa = PBXBuildFile; fileRef = F00E6DCF2251ED860055179E /* MyViewController.swift */; };
		F00E6DD22251EDA50055179E /* TrainerViewController.swift in Sources */ = {isa = PBXBuildFile; fileRef = F00E6DD12251EDA50055179E /* TrainerViewController.swift */; };
		F00E6DD42251EDCA0055179E /* ArticlesViewController.swift in Sources */ = {isa = PBXBuildFile; fileRef = F00E6DD32251EDCA0055179E /* ArticlesViewController.swift */; };
		F00E6DD62251EE070055179E /* RecipesViewController.swift in Sources */ = {isa = PBXBuildFile; fileRef = F00E6DD52251EE070055179E /* RecipesViewController.swift */; };
		F00E6DD82251F0400055179E /* MyViewController.storyboard in Resources */ = {isa = PBXBuildFile; fileRef = F00E6DD72251F0400055179E /* MyViewController.storyboard */; };
		F00E6DDA2251F0E80055179E /* TrainerStoryboard.storyboard in Resources */ = {isa = PBXBuildFile; fileRef = F00E6DD92251F0E80055179E /* TrainerStoryboard.storyboard */; };
		F00E6DDC2251F2530055179E /* ArticlesStoryboard.storyboard in Resources */ = {isa = PBXBuildFile; fileRef = F00E6DDB2251F2530055179E /* ArticlesStoryboard.storyboard */; };
		F00E6DDE2251F3160055179E /* RecipesStoryboard.storyboard in Resources */ = {isa = PBXBuildFile; fileRef = F00E6DDD2251F3160055179E /* RecipesStoryboard.storyboard */; };
		F0124F88224261B9001B9793 /* AppDelegate.swift in Sources */ = {isa = PBXBuildFile; fileRef = F0124F87224261B9001B9793 /* AppDelegate.swift */; };
		F0124F8D224261B9001B9793 /* Main.storyboard in Resources */ = {isa = PBXBuildFile; fileRef = F0124F8B224261B9001B9793 /* Main.storyboard */; };
		F0124F90224261B9001B9793 /* Fiasy.xcdatamodeld in Sources */ = {isa = PBXBuildFile; fileRef = F0124F8E224261B9001B9793 /* Fiasy.xcdatamodeld */; };
		F0124F92224261BB001B9793 /* Assets.xcassets in Resources */ = {isa = PBXBuildFile; fileRef = F0124F91224261BB001B9793 /* Assets.xcassets */; };
		F01748A3224A156900E2E646 /* TutorialStoryboard.storyboard in Resources */ = {isa = PBXBuildFile; fileRef = F01748A2224A156900E2E646 /* TutorialStoryboard.storyboard */; };
		F01748A6224A158A00E2E646 /* TutorialViewController.swift in Sources */ = {isa = PBXBuildFile; fileRef = F01748A5224A158A00E2E646 /* TutorialViewController.swift */; };
		F01748A8224A15AD00E2E646 /* FirstScreenStoryBoard.storyboard in Resources */ = {isa = PBXBuildFile; fileRef = F01748A7224A15AD00E2E646 /* FirstScreenStoryBoard.storyboard */; };
		F01748AA224A15C200E2E646 /* FirstViewController.swift in Sources */ = {isa = PBXBuildFile; fileRef = F01748A9224A15C200E2E646 /* FirstViewController.swift */; };
		F01748AC224A167600E2E646 /* RegestrationViewController.swift in Sources */ = {isa = PBXBuildFile; fileRef = F01748AB224A167600E2E646 /* RegestrationViewController.swift */; };
		F01748AE224A169200E2E646 /* RegestrationStoryboard.storyboard in Resources */ = {isa = PBXBuildFile; fileRef = F01748AD224A169200E2E646 /* RegestrationStoryboard.storyboard */; };
		F01748BC224A1ED000E2E646 /* Roboto-BoldItalic.ttf in Resources */ = {isa = PBXBuildFile; fileRef = F01748B0224A1ECF00E2E646 /* Roboto-BoldItalic.ttf */; };
		F01748BD224A1ED000E2E646 /* Roboto-Regular.ttf in Resources */ = {isa = PBXBuildFile; fileRef = F01748B1224A1ECF00E2E646 /* Roboto-Regular.ttf */; };
		F01748BE224A1ED000E2E646 /* Roboto-Italic.ttf in Resources */ = {isa = PBXBuildFile; fileRef = F01748B2224A1ECF00E2E646 /* Roboto-Italic.ttf */; };
		F01748BF224A1ED000E2E646 /* Roboto-Bold.ttf in Resources */ = {isa = PBXBuildFile; fileRef = F01748B3224A1ECF00E2E646 /* Roboto-Bold.ttf */; };
		F01748C0224A1ED000E2E646 /* Roboto-Medium.ttf in Resources */ = {isa = PBXBuildFile; fileRef = F01748B4224A1ECF00E2E646 /* Roboto-Medium.ttf */; };
		F01748C1224A1ED000E2E646 /* Roboto-Thin.ttf in Resources */ = {isa = PBXBuildFile; fileRef = F01748B5224A1ECF00E2E646 /* Roboto-Thin.ttf */; };
		F01748C2224A1ED000E2E646 /* Roboto-ThinItalic.ttf in Resources */ = {isa = PBXBuildFile; fileRef = F01748B6224A1ED000E2E646 /* Roboto-ThinItalic.ttf */; };
		F01748C3224A1ED000E2E646 /* Roboto-Black.ttf in Resources */ = {isa = PBXBuildFile; fileRef = F01748B7224A1ED000E2E646 /* Roboto-Black.ttf */; };
		F01748C4224A1ED000E2E646 /* Roboto-BlackItalic.ttf in Resources */ = {isa = PBXBuildFile; fileRef = F01748B8224A1ED000E2E646 /* Roboto-BlackItalic.ttf */; };
		F01748C5224A1ED000E2E646 /* Roboto-Light.ttf in Resources */ = {isa = PBXBuildFile; fileRef = F01748B9224A1ED000E2E646 /* Roboto-Light.ttf */; };
		F01748C6224A1ED000E2E646 /* Roboto-LightItalic.ttf in Resources */ = {isa = PBXBuildFile; fileRef = F01748BA224A1ED000E2E646 /* Roboto-LightItalic.ttf */; };
		F01748C7224A1ED000E2E646 /* Roboto-MediumItalic.ttf in Resources */ = {isa = PBXBuildFile; fileRef = F01748BB224A1ED000E2E646 /* Roboto-MediumItalic.ttf */; };
		F01748C9224A222300E2E646 /* PremiumStoryBoard.storyboard in Resources */ = {isa = PBXBuildFile; fileRef = F01748C8224A222300E2E646 /* PremiumStoryBoard.storyboard */; };
		F01748CB224A225200E2E646 /* PremiumViewController.swift in Sources */ = {isa = PBXBuildFile; fileRef = F01748CA224A225200E2E646 /* PremiumViewController.swift */; };
		F01748CE224A38FF00E2E646 /* LoginViewController.swift in Sources */ = {isa = PBXBuildFile; fileRef = F01748CD224A38FF00E2E646 /* LoginViewController.swift */; };
		F01748D0224A391300E2E646 /* LoginStoryboard.storyboard in Resources */ = {isa = PBXBuildFile; fileRef = F01748CF224A391300E2E646 /* LoginStoryboard.storyboard */; };
		F0231C7C224E4B720051DFBA /* Slide.xib in Resources */ = {isa = PBXBuildFile; fileRef = F0231C7A224E4B710051DFBA /* Slide.xib */; };
		F0231C7D224E4B720051DFBA /* Slide.swift in Sources */ = {isa = PBXBuildFile; fileRef = F0231C7B224E4B710051DFBA /* Slide.swift */; };
		F0293C9A2253436E00565FE4 /* ObjectDetector.mlmodel in Sources */ = {isa = PBXBuildFile; fileRef = F0293C972253436E00565FE4 /* ObjectDetector.mlmodel */; };
		F0293C9B2253436E00565FE4 /* VisionObjectRecognitionViewController.swift in Sources */ = {isa = PBXBuildFile; fileRef = F0293C982253436E00565FE4 /* VisionObjectRecognitionViewController.swift */; };
		F0293C9C2253436E00565FE4 /* Breakfast Finder Logo.png in Resources */ = {isa = PBXBuildFile; fileRef = F0293C992253436E00565FE4 /* Breakfast Finder Logo.png */; };
		F0293C9E2253440C00565FE4 /* ViewController.swift in Sources */ = {isa = PBXBuildFile; fileRef = F0293C9D2253440B00565FE4 /* ViewController.swift */; };
		F03E24362251747B00F338CD /* ForgotPasswordViewController.swift in Sources */ = {isa = PBXBuildFile; fileRef = F03E24352251747B00F338CD /* ForgotPasswordViewController.swift */; };
		F03E2438225174A200F338CD /* ForgotPasswordStoryBoard.storyboard in Resources */ = {isa = PBXBuildFile; fileRef = F03E2437225174A200F338CD /* ForgotPasswordStoryBoard.storyboard */; };
		F04EF0B3225BCC3800A13005 /* PrivacyPolicyViewController.swift in Sources */ = {isa = PBXBuildFile; fileRef = F04EF0B2225BCC3800A13005 /* PrivacyPolicyViewController.swift */; };
		F04EF0B5225BCC6800A13005 /* PrivacyPolicyStoryBoard.storyboard in Resources */ = {isa = PBXBuildFile; fileRef = F04EF0B4225BCC6800A13005 /* PrivacyPolicyStoryBoard.storyboard */; };
		F04EF0B7225BD12400A13005 /* RegistrationProfileViewController.swift in Sources */ = {isa = PBXBuildFile; fileRef = F04EF0B6225BD12400A13005 /* RegistrationProfileViewController.swift */; };
		F04EF0B9225BD14000A13005 /* RegistrationProfileStoryboard.storyboard in Resources */ = {isa = PBXBuildFile; fileRef = F04EF0B8225BD14000A13005 /* RegistrationProfileStoryboard.storyboard */; };
		F06C3180225CEFF900FDDC34 /* CustomPagingView.swift in Sources */ = {isa = PBXBuildFile; fileRef = F06C317F225CEFF900FDDC34 /* CustomPagingView.swift */; };
		F06C3186225CF05D00FDDC34 /* PagingMainView.xib in Resources */ = {isa = PBXBuildFile; fileRef = F06C3184225CF05C00FDDC34 /* PagingMainView.xib */; };
		F06C3187225CF05D00FDDC34 /* PagingMainView.swift in Sources */ = {isa = PBXBuildFile; fileRef = F06C3185225CF05D00FDDC34 /* PagingMainView.swift */; };
		F06C318B225CF09B00FDDC34 /* SecondMainCell.xib in Resources */ = {isa = PBXBuildFile; fileRef = F06C3189225CF09B00FDDC34 /* SecondMainCell.xib */; };
		F06C318C225CF09B00FDDC34 /* SecondMainCell.swift in Sources */ = {isa = PBXBuildFile; fileRef = F06C318A225CF09B00FDDC34 /* SecondMainCell.swift */; };
		F06C3190225CF12700FDDC34 /* CalendarItem.swift in Sources */ = {isa = PBXBuildFile; fileRef = F06C318E225CF12700FDDC34 /* CalendarItem.swift */; };
		F06C3191225CF12700FDDC34 /* SecondMainViewController.swift in Sources */ = {isa = PBXBuildFile; fileRef = F06C318F225CF12700FDDC34 /* SecondMainViewController.swift */; };
		F06C3196225CF21100FDDC34 /* UIFont+AppFont.swift in Sources */ = {isa = PBXBuildFile; fileRef = F06C3195225CF21100FDDC34 /* UIFont+AppFont.swift */; };
		F06C319B225CF25E00FDDC34 /* UIView+Attributes.swift in Sources */ = {isa = PBXBuildFile; fileRef = F06C3199225CF25D00FDDC34 /* UIView+Attributes.swift */; };
		F06C319C225CF25E00FDDC34 /* UIView+Nib.swift in Sources */ = {isa = PBXBuildFile; fileRef = F06C319A225CF25D00FDDC34 /* UIView+Nib.swift */; };
		F06C319E225CF28000FDDC34 /* UITableView + Scroll.swift in Sources */ = {isa = PBXBuildFile; fileRef = F06C319D225CF28000FDDC34 /* UITableView + Scroll.swift */; };
		F06C31A2225CF2D800FDDC34 /* UIView+constraints.swift in Sources */ = {isa = PBXBuildFile; fileRef = F06C319F225CF2D800FDDC34 /* UIView+constraints.swift */; };
		F06C31A3225CF2D800FDDC34 /* Display.swift in Sources */ = {isa = PBXBuildFile; fileRef = F06C31A0225CF2D800FDDC34 /* Display.swift */; };
		F06C31A4225CF2D800FDDC34 /* DateFormatters.swift in Sources */ = {isa = PBXBuildFile; fileRef = F06C31A1225CF2D800FDDC34 /* DateFormatters.swift */; };
		F06FB400225C076100295A92 /* RadioCheckboxBaseButton.swift in Sources */ = {isa = PBXBuildFile; fileRef = F06FB3FE225C076100295A92 /* RadioCheckboxBaseButton.swift */; };
		F06FB401225C076100295A92 /* RadioCheckboxBaseContainer.swift in Sources */ = {isa = PBXBuildFile; fileRef = F06FB3FF225C076100295A92 /* RadioCheckboxBaseContainer.swift */; };
		F06FB407225C076B00295A92 /* CheckboxButtonContainerView.swift in Sources */ = {isa = PBXBuildFile; fileRef = F06FB402225C076A00295A92 /* CheckboxButtonContainerView.swift */; };
		F06FB408225C076B00295A92 /* CheckBoxColor.swift in Sources */ = {isa = PBXBuildFile; fileRef = F06FB403225C076A00295A92 /* CheckBoxColor.swift */; };
		F06FB409225C076B00295A92 /* CheckboxButton.swift in Sources */ = {isa = PBXBuildFile; fileRef = F06FB404225C076B00295A92 /* CheckboxButton.swift */; };
		F06FB40A225C076B00295A92 /* CheckboxButtonContainer.swift in Sources */ = {isa = PBXBuildFile; fileRef = F06FB405225C076B00295A92 /* CheckboxButtonContainer.swift */; };
		F06FB40B225C076B00295A92 /* CheckboxLineStyle.swift in Sources */ = {isa = PBXBuildFile; fileRef = F06FB406225C076B00295A92 /* CheckboxLineStyle.swift */; };
		F06FB411225C077400295A92 /* RadioButtonContainer.swift in Sources */ = {isa = PBXBuildFile; fileRef = F06FB40C225C077200295A92 /* RadioButtonContainer.swift */; };
		F06FB412225C077400295A92 /* RadioButtonCircleStyle.swift in Sources */ = {isa = PBXBuildFile; fileRef = F06FB40D225C077200295A92 /* RadioButtonCircleStyle.swift */; };
		F06FB413225C077400295A92 /* RadioButtonColor.swift in Sources */ = {isa = PBXBuildFile; fileRef = F06FB40E225C077300295A92 /* RadioButtonColor.swift */; };
		F06FB414225C077400295A92 /* RadioButtonContainerView.swift in Sources */ = {isa = PBXBuildFile; fileRef = F06FB40F225C077300295A92 /* RadioButtonContainerView.swift */; };
		F06FB415225C077400295A92 /* RadioButton.swift in Sources */ = {isa = PBXBuildFile; fileRef = F06FB410225C077400295A92 /* RadioButton.swift */; };
		F06FB419225C7CFE00295A92 /* RouterManager.swift in Sources */ = {isa = PBXBuildFile; fileRef = F06FB418225C7CFE00295A92 /* RouterManager.swift */; };
		F06FB41C225C7D6D00295A92 /* BaseViewController.swift in Sources */ = {isa = PBXBuildFile; fileRef = F06FB41B225C7D6D00295A92 /* BaseViewController.swift */; };
/* End PBXBuildFile section */

/* Begin PBXFileReference section */
		3E09325AEF0935BC223032BC /* Pods-Fiasy.debug.xcconfig */ = {isa = PBXFileReference; includeInIndex = 1; lastKnownFileType = text.xcconfig; name = "Pods-Fiasy.debug.xcconfig"; path = "Target Support Files/Pods-Fiasy/Pods-Fiasy.debug.xcconfig"; sourceTree = "<group>"; };
		6DBF4E95AB3377B64154ACC4 /* Pods_Fiasy.framework */ = {isa = PBXFileReference; explicitFileType = wrapper.framework; includeInIndex = 0; path = Pods_Fiasy.framework; sourceTree = BUILT_PRODUCTS_DIR; };
		B6767781632F4C67DE293619 /* Pods-Fiasy.release.xcconfig */ = {isa = PBXFileReference; includeInIndex = 1; lastKnownFileType = text.xcconfig; name = "Pods-Fiasy.release.xcconfig"; path = "Target Support Files/Pods-Fiasy/Pods-Fiasy.release.xcconfig"; sourceTree = "<group>"; };
		F00E04B02251903800A25126 /* MainViewController.swift */ = {isa = PBXFileReference; lastKnownFileType = sourcecode.swift; path = MainViewController.swift; sourceTree = "<group>"; };
		F00E04B22251937300A25126 /* MainStoryboard.storyboard */ = {isa = PBXFileReference; lastKnownFileType = file.storyboard; path = MainStoryboard.storyboard; sourceTree = "<group>"; };
		F00E6DCB2251E8620055179E /* TabBarController.storyboard */ = {isa = PBXFileReference; fileEncoding = 4; lastKnownFileType = file.storyboard; path = TabBarController.storyboard; sourceTree = "<group>"; };
		F00E6DCD2251E89F0055179E /* MainTabBarVC.swift */ = {isa = PBXFileReference; fileEncoding = 4; lastKnownFileType = sourcecode.swift; path = MainTabBarVC.swift; sourceTree = "<group>"; };
		F00E6DCF2251ED860055179E /* MyViewController.swift */ = {isa = PBXFileReference; lastKnownFileType = sourcecode.swift; path = MyViewController.swift; sourceTree = "<group>"; };
		F00E6DD12251EDA50055179E /* TrainerViewController.swift */ = {isa = PBXFileReference; lastKnownFileType = sourcecode.swift; path = TrainerViewController.swift; sourceTree = "<group>"; };
		F00E6DD32251EDCA0055179E /* ArticlesViewController.swift */ = {isa = PBXFileReference; lastKnownFileType = sourcecode.swift; path = ArticlesViewController.swift; sourceTree = "<group>"; };
		F00E6DD52251EE070055179E /* RecipesViewController.swift */ = {isa = PBXFileReference; lastKnownFileType = sourcecode.swift; path = RecipesViewController.swift; sourceTree = "<group>"; };
		F00E6DD72251F0400055179E /* MyViewController.storyboard */ = {isa = PBXFileReference; lastKnownFileType = file.storyboard; path = MyViewController.storyboard; sourceTree = "<group>"; };
		F00E6DD92251F0E80055179E /* TrainerStoryboard.storyboard */ = {isa = PBXFileReference; lastKnownFileType = file.storyboard; path = TrainerStoryboard.storyboard; sourceTree = "<group>"; };
		F00E6DDB2251F2530055179E /* ArticlesStoryboard.storyboard */ = {isa = PBXFileReference; lastKnownFileType = file.storyboard; path = ArticlesStoryboard.storyboard; sourceTree = "<group>"; };
		F00E6DDD2251F3160055179E /* RecipesStoryboard.storyboard */ = {isa = PBXFileReference; lastKnownFileType = file.storyboard; path = RecipesStoryboard.storyboard; sourceTree = "<group>"; };
		F0124F84224261B9001B9793 /* Fiasy.app */ = {isa = PBXFileReference; explicitFileType = wrapper.application; includeInIndex = 0; path = Fiasy.app; sourceTree = BUILT_PRODUCTS_DIR; };
		F0124F87224261B9001B9793 /* AppDelegate.swift */ = {isa = PBXFileReference; lastKnownFileType = sourcecode.swift; path = AppDelegate.swift; sourceTree = "<group>"; };
		F0124F8C224261B9001B9793 /* Base */ = {isa = PBXFileReference; lastKnownFileType = file.storyboard; name = Base; path = Base.lproj/Main.storyboard; sourceTree = "<group>"; };
		F0124F8F224261B9001B9793 /* Fiasy.xcdatamodel */ = {isa = PBXFileReference; lastKnownFileType = wrapper.xcdatamodel; path = Fiasy.xcdatamodel; sourceTree = "<group>"; };
		F0124F91224261BB001B9793 /* Assets.xcassets */ = {isa = PBXFileReference; lastKnownFileType = folder.assetcatalog; path = Assets.xcassets; sourceTree = "<group>"; };
		F0124F94224261BB001B9793 /* Base */ = {isa = PBXFileReference; lastKnownFileType = file.storyboard; name = Base; path = Base.lproj/LaunchScreen.storyboard; sourceTree = "<group>"; };
		F0124F96224261BB001B9793 /* Info.plist */ = {isa = PBXFileReference; lastKnownFileType = text.plist.xml; path = Info.plist; sourceTree = "<group>"; };
		F01748A2224A156900E2E646 /* TutorialStoryboard.storyboard */ = {isa = PBXFileReference; lastKnownFileType = file.storyboard; path = TutorialStoryboard.storyboard; sourceTree = "<group>"; };
		F01748A5224A158A00E2E646 /* TutorialViewController.swift */ = {isa = PBXFileReference; lastKnownFileType = sourcecode.swift; path = TutorialViewController.swift; sourceTree = "<group>"; };
		F01748A7224A15AD00E2E646 /* FirstScreenStoryBoard.storyboard */ = {isa = PBXFileReference; lastKnownFileType = file.storyboard; path = FirstScreenStoryBoard.storyboard; sourceTree = "<group>"; };
		F01748A9224A15C200E2E646 /* FirstViewController.swift */ = {isa = PBXFileReference; lastKnownFileType = sourcecode.swift; path = FirstViewController.swift; sourceTree = "<group>"; };
		F01748AB224A167600E2E646 /* RegestrationViewController.swift */ = {isa = PBXFileReference; lastKnownFileType = sourcecode.swift; path = RegestrationViewController.swift; sourceTree = "<group>"; };
		F01748AD224A169200E2E646 /* RegestrationStoryboard.storyboard */ = {isa = PBXFileReference; lastKnownFileType = file.storyboard; path = RegestrationStoryboard.storyboard; sourceTree = "<group>"; };
		F01748B0224A1ECF00E2E646 /* Roboto-BoldItalic.ttf */ = {isa = PBXFileReference; lastKnownFileType = file; path = "Roboto-BoldItalic.ttf"; sourceTree = "<group>"; };
		F01748B1224A1ECF00E2E646 /* Roboto-Regular.ttf */ = {isa = PBXFileReference; lastKnownFileType = file; path = "Roboto-Regular.ttf"; sourceTree = "<group>"; };
		F01748B2224A1ECF00E2E646 /* Roboto-Italic.ttf */ = {isa = PBXFileReference; lastKnownFileType = file; path = "Roboto-Italic.ttf"; sourceTree = "<group>"; };
		F01748B3224A1ECF00E2E646 /* Roboto-Bold.ttf */ = {isa = PBXFileReference; lastKnownFileType = file; path = "Roboto-Bold.ttf"; sourceTree = "<group>"; };
		F01748B4224A1ECF00E2E646 /* Roboto-Medium.ttf */ = {isa = PBXFileReference; lastKnownFileType = file; path = "Roboto-Medium.ttf"; sourceTree = "<group>"; };
		F01748B5224A1ECF00E2E646 /* Roboto-Thin.ttf */ = {isa = PBXFileReference; lastKnownFileType = file; path = "Roboto-Thin.ttf"; sourceTree = "<group>"; };
		F01748B6224A1ED000E2E646 /* Roboto-ThinItalic.ttf */ = {isa = PBXFileReference; lastKnownFileType = file; path = "Roboto-ThinItalic.ttf"; sourceTree = "<group>"; };
		F01748B7224A1ED000E2E646 /* Roboto-Black.ttf */ = {isa = PBXFileReference; lastKnownFileType = file; path = "Roboto-Black.ttf"; sourceTree = "<group>"; };
		F01748B8224A1ED000E2E646 /* Roboto-BlackItalic.ttf */ = {isa = PBXFileReference; lastKnownFileType = file; path = "Roboto-BlackItalic.ttf"; sourceTree = "<group>"; };
		F01748B9224A1ED000E2E646 /* Roboto-Light.ttf */ = {isa = PBXFileReference; lastKnownFileType = file; path = "Roboto-Light.ttf"; sourceTree = "<group>"; };
		F01748BA224A1ED000E2E646 /* Roboto-LightItalic.ttf */ = {isa = PBXFileReference; lastKnownFileType = file; path = "Roboto-LightItalic.ttf"; sourceTree = "<group>"; };
		F01748BB224A1ED000E2E646 /* Roboto-MediumItalic.ttf */ = {isa = PBXFileReference; lastKnownFileType = file; path = "Roboto-MediumItalic.ttf"; sourceTree = "<group>"; };
		F01748C8224A222300E2E646 /* PremiumStoryBoard.storyboard */ = {isa = PBXFileReference; lastKnownFileType = file.storyboard; path = PremiumStoryBoard.storyboard; sourceTree = "<group>"; };
		F01748CA224A225200E2E646 /* PremiumViewController.swift */ = {isa = PBXFileReference; lastKnownFileType = sourcecode.swift; path = PremiumViewController.swift; sourceTree = "<group>"; };
		F01748CD224A38FF00E2E646 /* LoginViewController.swift */ = {isa = PBXFileReference; lastKnownFileType = sourcecode.swift; path = LoginViewController.swift; sourceTree = "<group>"; };
		F01748CF224A391300E2E646 /* LoginStoryboard.storyboard */ = {isa = PBXFileReference; lastKnownFileType = file.storyboard; path = LoginStoryboard.storyboard; sourceTree = "<group>"; };
		F0231C7A224E4B710051DFBA /* Slide.xib */ = {isa = PBXFileReference; fileEncoding = 4; lastKnownFileType = file.xib; path = Slide.xib; sourceTree = "<group>"; };
		F0231C7B224E4B710051DFBA /* Slide.swift */ = {isa = PBXFileReference; fileEncoding = 4; lastKnownFileType = sourcecode.swift; path = Slide.swift; sourceTree = "<group>"; };
		F0293C972253436E00565FE4 /* ObjectDetector.mlmodel */ = {isa = PBXFileReference; lastKnownFileType = file.mlmodel; name = ObjectDetector.mlmodel; path = Fiasy/FoodRecognize/ObjectDetector.mlmodel; sourceTree = SOURCE_ROOT; };
		F0293C982253436E00565FE4 /* VisionObjectRecognitionViewController.swift */ = {isa = PBXFileReference; fileEncoding = 4; lastKnownFileType = sourcecode.swift; name = VisionObjectRecognitionViewController.swift; path = Fiasy/FoodRecognize/VisionObjectRecognitionViewController.swift; sourceTree = SOURCE_ROOT; };
		F0293C992253436E00565FE4 /* Breakfast Finder Logo.png */ = {isa = PBXFileReference; lastKnownFileType = image.png; name = "Breakfast Finder Logo.png"; path = "Fiasy/FoodRecognize/Breakfast Finder Logo.png"; sourceTree = SOURCE_ROOT; };
		F0293C9D2253440B00565FE4 /* ViewController.swift */ = {isa = PBXFileReference; fileEncoding = 4; lastKnownFileType = sourcecode.swift; name = ViewController.swift; path = Fiasy/FoodRecognize/ViewController.swift; sourceTree = SOURCE_ROOT; };
		F03E24352251747B00F338CD /* ForgotPasswordViewController.swift */ = {isa = PBXFileReference; lastKnownFileType = sourcecode.swift; path = ForgotPasswordViewController.swift; sourceTree = "<group>"; };
		F03E2437225174A200F338CD /* ForgotPasswordStoryBoard.storyboard */ = {isa = PBXFileReference; lastKnownFileType = file.storyboard; path = ForgotPasswordStoryBoard.storyboard; sourceTree = "<group>"; };
		F04EF0B2225BCC3800A13005 /* PrivacyPolicyViewController.swift */ = {isa = PBXFileReference; lastKnownFileType = sourcecode.swift; path = PrivacyPolicyViewController.swift; sourceTree = "<group>"; };
		F04EF0B4225BCC6800A13005 /* PrivacyPolicyStoryBoard.storyboard */ = {isa = PBXFileReference; lastKnownFileType = file.storyboard; path = PrivacyPolicyStoryBoard.storyboard; sourceTree = "<group>"; };
		F04EF0B6225BD12400A13005 /* RegistrationProfileViewController.swift */ = {isa = PBXFileReference; lastKnownFileType = sourcecode.swift; path = RegistrationProfileViewController.swift; sourceTree = "<group>"; };
		F04EF0B8225BD14000A13005 /* RegistrationProfileStoryboard.storyboard */ = {isa = PBXFileReference; lastKnownFileType = file.storyboard; path = RegistrationProfileStoryboard.storyboard; sourceTree = "<group>"; };
		F06C317F225CEFF900FDDC34 /* CustomPagingView.swift */ = {isa = PBXFileReference; fileEncoding = 4; lastKnownFileType = sourcecode.swift; path = CustomPagingView.swift; sourceTree = "<group>"; };
		F06C3184225CF05C00FDDC34 /* PagingMainView.xib */ = {isa = PBXFileReference; fileEncoding = 4; lastKnownFileType = file.xib; path = PagingMainView.xib; sourceTree = "<group>"; };
		F06C3185225CF05D00FDDC34 /* PagingMainView.swift */ = {isa = PBXFileReference; fileEncoding = 4; lastKnownFileType = sourcecode.swift; path = PagingMainView.swift; sourceTree = "<group>"; };
		F06C3189225CF09B00FDDC34 /* SecondMainCell.xib */ = {isa = PBXFileReference; fileEncoding = 4; lastKnownFileType = file.xib; path = SecondMainCell.xib; sourceTree = "<group>"; };
		F06C318A225CF09B00FDDC34 /* SecondMainCell.swift */ = {isa = PBXFileReference; fileEncoding = 4; lastKnownFileType = sourcecode.swift; path = SecondMainCell.swift; sourceTree = "<group>"; };
		F06C318E225CF12700FDDC34 /* CalendarItem.swift */ = {isa = PBXFileReference; fileEncoding = 4; lastKnownFileType = sourcecode.swift; path = CalendarItem.swift; sourceTree = "<group>"; };
		F06C318F225CF12700FDDC34 /* SecondMainViewController.swift */ = {isa = PBXFileReference; fileEncoding = 4; lastKnownFileType = sourcecode.swift; path = SecondMainViewController.swift; sourceTree = "<group>"; };
		F06C3195225CF21100FDDC34 /* UIFont+AppFont.swift */ = {isa = PBXFileReference; fileEncoding = 4; lastKnownFileType = sourcecode.swift; path = "UIFont+AppFont.swift"; sourceTree = "<group>"; };
		F06C3199225CF25D00FDDC34 /* UIView+Attributes.swift */ = {isa = PBXFileReference; fileEncoding = 4; lastKnownFileType = sourcecode.swift; path = "UIView+Attributes.swift"; sourceTree = "<group>"; };
		F06C319A225CF25D00FDDC34 /* UIView+Nib.swift */ = {isa = PBXFileReference; fileEncoding = 4; lastKnownFileType = sourcecode.swift; path = "UIView+Nib.swift"; sourceTree = "<group>"; };
		F06C319D225CF28000FDDC34 /* UITableView + Scroll.swift */ = {isa = PBXFileReference; fileEncoding = 4; lastKnownFileType = sourcecode.swift; path = "UITableView + Scroll.swift"; sourceTree = "<group>"; };
		F06C319F225CF2D800FDDC34 /* UIView+constraints.swift */ = {isa = PBXFileReference; fileEncoding = 4; lastKnownFileType = sourcecode.swift; name = "UIView+constraints.swift"; path = "Fiasy/Helpers/UIView+constraints.swift"; sourceTree = SOURCE_ROOT; };
		F06C31A0225CF2D800FDDC34 /* Display.swift */ = {isa = PBXFileReference; fileEncoding = 4; lastKnownFileType = sourcecode.swift; name = Display.swift; path = Fiasy/Helpers/Display.swift; sourceTree = SOURCE_ROOT; };
		F06C31A1225CF2D800FDDC34 /* DateFormatters.swift */ = {isa = PBXFileReference; fileEncoding = 4; lastKnownFileType = sourcecode.swift; name = DateFormatters.swift; path = Fiasy/Helpers/DateFormatters.swift; sourceTree = SOURCE_ROOT; };
		F06FB3FE225C076100295A92 /* RadioCheckboxBaseButton.swift */ = {isa = PBXFileReference; fileEncoding = 4; lastKnownFileType = sourcecode.swift; path = RadioCheckboxBaseButton.swift; sourceTree = "<group>"; };
		F06FB3FF225C076100295A92 /* RadioCheckboxBaseContainer.swift */ = {isa = PBXFileReference; fileEncoding = 4; lastKnownFileType = sourcecode.swift; path = RadioCheckboxBaseContainer.swift; sourceTree = "<group>"; };
		F06FB402225C076A00295A92 /* CheckboxButtonContainerView.swift */ = {isa = PBXFileReference; fileEncoding = 4; lastKnownFileType = sourcecode.swift; path = CheckboxButtonContainerView.swift; sourceTree = "<group>"; };
		F06FB403225C076A00295A92 /* CheckBoxColor.swift */ = {isa = PBXFileReference; fileEncoding = 4; lastKnownFileType = sourcecode.swift; path = CheckBoxColor.swift; sourceTree = "<group>"; };
		F06FB404225C076B00295A92 /* CheckboxButton.swift */ = {isa = PBXFileReference; fileEncoding = 4; lastKnownFileType = sourcecode.swift; path = CheckboxButton.swift; sourceTree = "<group>"; };
		F06FB405225C076B00295A92 /* CheckboxButtonContainer.swift */ = {isa = PBXFileReference; fileEncoding = 4; lastKnownFileType = sourcecode.swift; path = CheckboxButtonContainer.swift; sourceTree = "<group>"; };
		F06FB406225C076B00295A92 /* CheckboxLineStyle.swift */ = {isa = PBXFileReference; fileEncoding = 4; lastKnownFileType = sourcecode.swift; path = CheckboxLineStyle.swift; sourceTree = "<group>"; };
		F06FB40C225C077200295A92 /* RadioButtonContainer.swift */ = {isa = PBXFileReference; fileEncoding = 4; lastKnownFileType = sourcecode.swift; path = RadioButtonContainer.swift; sourceTree = "<group>"; };
		F06FB40D225C077200295A92 /* RadioButtonCircleStyle.swift */ = {isa = PBXFileReference; fileEncoding = 4; lastKnownFileType = sourcecode.swift; path = RadioButtonCircleStyle.swift; sourceTree = "<group>"; };
		F06FB40E225C077300295A92 /* RadioButtonColor.swift */ = {isa = PBXFileReference; fileEncoding = 4; lastKnownFileType = sourcecode.swift; path = RadioButtonColor.swift; sourceTree = "<group>"; };
		F06FB40F225C077300295A92 /* RadioButtonContainerView.swift */ = {isa = PBXFileReference; fileEncoding = 4; lastKnownFileType = sourcecode.swift; path = RadioButtonContainerView.swift; sourceTree = "<group>"; };
		F06FB410225C077400295A92 /* RadioButton.swift */ = {isa = PBXFileReference; fileEncoding = 4; lastKnownFileType = sourcecode.swift; path = RadioButton.swift; sourceTree = "<group>"; };
		F06FB418225C7CFE00295A92 /* RouterManager.swift */ = {isa = PBXFileReference; fileEncoding = 4; lastKnownFileType = sourcecode.swift; path = RouterManager.swift; sourceTree = "<group>"; };
		F06FB41B225C7D6D00295A92 /* BaseViewController.swift */ = {isa = PBXFileReference; fileEncoding = 4; lastKnownFileType = sourcecode.swift; path = BaseViewController.swift; sourceTree = "<group>"; };
/* End PBXFileReference section */

/* Begin PBXFrameworksBuildPhase section */
		F0124F81224261B9001B9793 /* Frameworks */ = {
			isa = PBXFrameworksBuildPhase;
			buildActionMask = 2147483647;
			files = (
				72DA4F2403DA0E835D96D957 /* Pods_Fiasy.framework in Frameworks */,
			);
			runOnlyForDeploymentPostprocessing = 0;
		};
/* End PBXFrameworksBuildPhase section */

/* Begin PBXGroup section */
		531697BFD6EDE9BF38CECE99 /* Frameworks */ = {
			isa = PBXGroup;
			children = (
				6DBF4E95AB3377B64154ACC4 /* Pods_Fiasy.framework */,
			);
			name = Frameworks;
			sourceTree = "<group>";
		};
		860D5CEF4359A95B9B3E8B75 /* Pods */ = {
			isa = PBXGroup;
			children = (
				3E09325AEF0935BC223032BC /* Pods-Fiasy.debug.xcconfig */,
				B6767781632F4C67DE293619 /* Pods-Fiasy.release.xcconfig */,
			);
			path = Pods;
			sourceTree = "<group>";
		};
		F0124F7B224261B9001B9793 = {
			isa = PBXGroup;
			children = (
				F0124F86224261B9001B9793 /* Fiasy */,
				F0124F85224261B9001B9793 /* Products */,
				860D5CEF4359A95B9B3E8B75 /* Pods */,
				531697BFD6EDE9BF38CECE99 /* Frameworks */,
			);
			sourceTree = "<group>";
		};
		F0124F85224261B9001B9793 /* Products */ = {
			isa = PBXGroup;
			children = (
				F0124F84224261B9001B9793 /* Fiasy.app */,
			);
			name = Products;
			sourceTree = "<group>";
		};
		F0124F86224261B9001B9793 /* Fiasy */ = {
			isa = PBXGroup;
			children = (
				F06C3192225CF1CD00FDDC34 /* Helpers */,
				F06FB416225C7CB900295A92 /* Managers */,
				F0231C78224E4B280051DFBA /* Views */,
				F0231C77224E4B070051DFBA /* Libs */,
				F01748AF224A1EB600E2E646 /* Fonts */,
				F01748A4224A157000E2E646 /* ViewControllers */,
				F01748A1224A14BE00E2E646 /* Storyboards */,
				F0124F87224261B9001B9793 /* AppDelegate.swift */,
				F0124F8B224261B9001B9793 /* Main.storyboard */,
				F0124F91224261BB001B9793 /* Assets.xcassets */,
				F0124F93224261BB001B9793 /* LaunchScreen.storyboard */,
				F0124F96224261BB001B9793 /* Info.plist */,
				F0124F8E224261B9001B9793 /* Fiasy.xcdatamodeld */,
			);
			path = Fiasy;
			sourceTree = "<group>";
		};
		F01748A1224A14BE00E2E646 /* Storyboards */ = {
			isa = PBXGroup;
			children = (
				F00E6DCB2251E8620055179E /* TabBarController.storyboard */,
				F01748C8224A222300E2E646 /* PremiumStoryBoard.storyboard */,
				F01748A2224A156900E2E646 /* TutorialStoryboard.storyboard */,
				F01748A7224A15AD00E2E646 /* FirstScreenStoryBoard.storyboard */,
				F01748AD224A169200E2E646 /* RegestrationStoryboard.storyboard */,
				F01748CF224A391300E2E646 /* LoginStoryboard.storyboard */,
				F03E2437225174A200F338CD /* ForgotPasswordStoryBoard.storyboard */,
				F00E04B22251937300A25126 /* MainStoryboard.storyboard */,
				F00E6DD72251F0400055179E /* MyViewController.storyboard */,
				F00E6DD92251F0E80055179E /* TrainerStoryboard.storyboard */,
				F00E6DDB2251F2530055179E /* ArticlesStoryboard.storyboard */,
				F00E6DDD2251F3160055179E /* RecipesStoryboard.storyboard */,
				F04EF0B4225BCC6800A13005 /* PrivacyPolicyStoryBoard.storyboard */,
				F04EF0B8225BD14000A13005 /* RegistrationProfileStoryboard.storyboard */,
			);
			path = Storyboards;
			sourceTree = "<group>";
		};
		F01748A4224A157000E2E646 /* ViewControllers */ = {
			isa = PBXGroup;
			children = (
				F06C318D225CF11100FDDC34 /* MainViewController */,
				F06FB41A225C7D5100295A92 /* BaseViewController */,
				F00E6DCD2251E89F0055179E /* MainTabBarVC.swift */,
				F01748A5224A158A00E2E646 /* TutorialViewController.swift */,
				F01748A9224A15C200E2E646 /* FirstViewController.swift */,
				F01748AB224A167600E2E646 /* RegestrationViewController.swift */,
				F01748CA224A225200E2E646 /* PremiumViewController.swift */,
				F01748CD224A38FF00E2E646 /* LoginViewController.swift */,
				F03E24352251747B00F338CD /* ForgotPasswordViewController.swift */,
				F00E04B02251903800A25126 /* MainViewController.swift */,
				F00E6DCF2251ED860055179E /* MyViewController.swift */,
				F00E6DD12251EDA50055179E /* TrainerViewController.swift */,
				F00E6DD32251EDCA0055179E /* ArticlesViewController.swift */,
				F00E6DD52251EE070055179E /* RecipesViewController.swift */,
				F04EF0B2225BCC3800A13005 /* PrivacyPolicyViewController.swift */,
				F04EF0B6225BD12400A13005 /* RegistrationProfileViewController.swift */,
			);
			path = ViewControllers;
			sourceTree = "<group>";
		};
		F01748AF224A1EB600E2E646 /* Fonts */ = {
			isa = PBXGroup;
			children = (
				F01748B7224A1ED000E2E646 /* Roboto-Black.ttf */,
				F01748B8224A1ED000E2E646 /* Roboto-BlackItalic.ttf */,
				F01748B3224A1ECF00E2E646 /* Roboto-Bold.ttf */,
				F01748B0224A1ECF00E2E646 /* Roboto-BoldItalic.ttf */,
				F01748B2224A1ECF00E2E646 /* Roboto-Italic.ttf */,
				F01748B9224A1ED000E2E646 /* Roboto-Light.ttf */,
				F01748BA224A1ED000E2E646 /* Roboto-LightItalic.ttf */,
				F01748B4224A1ECF00E2E646 /* Roboto-Medium.ttf */,
				F01748BB224A1ED000E2E646 /* Roboto-MediumItalic.ttf */,
				F01748B1224A1ECF00E2E646 /* Roboto-Regular.ttf */,
				F01748B5224A1ECF00E2E646 /* Roboto-Thin.ttf */,
				F01748B6224A1ED000E2E646 /* Roboto-ThinItalic.ttf */,
			);
			path = Fonts;
			sourceTree = "<group>";
		};
		F0231C77224E4B070051DFBA /* Libs */ = {
			isa = PBXGroup;
			children = (
				F06FB3FD225C06D100295A92 /* RadioButton */,
				F0293C962253435600565FE4 /* AR */,
			);
			path = Libs;
			sourceTree = "<group>";
		};
		F0231C78224E4B280051DFBA /* Views */ = {
			isa = PBXGroup;
			children = (
				F06C3182225CF03500FDDC34 /* Main */,
				F06C3181225CF01800FDDC34 /* PagingMainView */,
				F06C317E225CEFE100FDDC34 /* CustomPagingView */,
				F0231C79224E4B3B0051DFBA /* SlideView */,
			);
			path = Views;
			sourceTree = "<group>";
		};
		F0231C79224E4B3B0051DFBA /* SlideView */ = {
			isa = PBXGroup;
			children = (
				F0231C7B224E4B710051DFBA /* Slide.swift */,
				F0231C7A224E4B710051DFBA /* Slide.xib */,
			);
			path = SlideView;
			sourceTree = "<group>";
		};
		F0293C962253435600565FE4 /* AR */ = {
			isa = PBXGroup;
			children = (
				F0293C992253436E00565FE4 /* Breakfast Finder Logo.png */,
				F0293C972253436E00565FE4 /* ObjectDetector.mlmodel */,
				F0293C982253436E00565FE4 /* VisionObjectRecognitionViewController.swift */,
				F0293C9D2253440B00565FE4 /* ViewController.swift */,
			);
			path = AR;
			sourceTree = "<group>";
		};
		F06C317E225CEFE100FDDC34 /* CustomPagingView */ = {
			isa = PBXGroup;
			children = (
				F06C317F225CEFF900FDDC34 /* CustomPagingView.swift */,
			);
			path = CustomPagingView;
			sourceTree = "<group>";
		};
		F06C3181225CF01800FDDC34 /* PagingMainView */ = {
			isa = PBXGroup;
			children = (
			);
			path = PagingMainView;
			sourceTree = "<group>";
		};
		F06C3182225CF03500FDDC34 /* Main */ = {
			isa = PBXGroup;
			children = (
				F06C3188225CF07D00FDDC34 /* SecondMainCell */,
				F06C3183225CF03F00FDDC34 /* MainCell */,
			);
			path = Main;
			sourceTree = "<group>";
		};
		F06C3183225CF03F00FDDC34 /* MainCell */ = {
			isa = PBXGroup;
			children = (
				F06C3185225CF05D00FDDC34 /* PagingMainView.swift */,
				F06C3184225CF05C00FDDC34 /* PagingMainView.xib */,
			);
			path = MainCell;
			sourceTree = "<group>";
		};
		F06C3188225CF07D00FDDC34 /* SecondMainCell */ = {
			isa = PBXGroup;
			children = (
				F06C318A225CF09B00FDDC34 /* SecondMainCell.swift */,
				F06C3189225CF09B00FDDC34 /* SecondMainCell.xib */,
			);
			path = SecondMainCell;
			sourceTree = "<group>";
		};
		F06C318D225CF11100FDDC34 /* MainViewController */ = {
			isa = PBXGroup;
			children = (
				F06C318E225CF12700FDDC34 /* CalendarItem.swift */,
				F06C318F225CF12700FDDC34 /* SecondMainViewController.swift */,
			);
			path = MainViewController;
			sourceTree = "<group>";
		};
		F06C3192225CF1CD00FDDC34 /* Helpers */ = {
			isa = PBXGroup;
			children = (
				F06C3193225CF1ED00FDDC34 /* Extensions */,
			);
			path = Helpers;
			sourceTree = "<group>";
		};
		F06C3193225CF1ED00FDDC34 /* Extensions */ = {
			isa = PBXGroup;
			children = (
				F06C31A1225CF2D800FDDC34 /* DateFormatters.swift */,
				F06C31A0225CF2D800FDDC34 /* Display.swift */,
				F06C319F225CF2D800FDDC34 /* UIView+constraints.swift */,
				F06C3198225CF24100FDDC34 /* UIView */,
				F06C3197225CF22500FDDC34 /* UITableView */,
				F06C3194225CF1F300FDDC34 /* UIFont */,
			);
			path = Extensions;
			sourceTree = "<group>";
		};
		F06C3194225CF1F300FDDC34 /* UIFont */ = {
			isa = PBXGroup;
			children = (
				F06C3195225CF21100FDDC34 /* UIFont+AppFont.swift */,
			);
			path = UIFont;
			sourceTree = "<group>";
		};
		F06C3197225CF22500FDDC34 /* UITableView */ = {
			isa = PBXGroup;
			children = (
				F06C319D225CF28000FDDC34 /* UITableView + Scroll.swift */,
			);
			path = UITableView;
			sourceTree = "<group>";
		};
		F06C3198225CF24100FDDC34 /* UIView */ = {
			isa = PBXGroup;
			children = (
				F06C3199225CF25D00FDDC34 /* UIView+Attributes.swift */,
				F06C319A225CF25D00FDDC34 /* UIView+Nib.swift */,
			);
			path = UIView;
			sourceTree = "<group>";
		};
		F06FB3FD225C06D100295A92 /* RadioButton */ = {
			isa = PBXGroup;
			children = (
				F06FB3FE225C076100295A92 /* RadioCheckboxBaseButton.swift */,
				F06FB404225C076B00295A92 /* CheckboxButton.swift */,
				F06FB405225C076B00295A92 /* CheckboxButtonContainer.swift */,
				F06FB410225C077400295A92 /* RadioButton.swift */,
				F06FB40D225C077200295A92 /* RadioButtonCircleStyle.swift */,
				F06FB40E225C077300295A92 /* RadioButtonColor.swift */,
				F06FB40C225C077200295A92 /* RadioButtonContainer.swift */,
				F06FB40F225C077300295A92 /* RadioButtonContainerView.swift */,
				F06FB402225C076A00295A92 /* CheckboxButtonContainerView.swift */,
				F06FB403225C076A00295A92 /* CheckBoxColor.swift */,
				F06FB406225C076B00295A92 /* CheckboxLineStyle.swift */,
				F06FB3FF225C076100295A92 /* RadioCheckboxBaseContainer.swift */,
			);
			path = RadioButton;
			sourceTree = "<group>";
		};
		F06FB416225C7CB900295A92 /* Managers */ = {
			isa = PBXGroup;
			children = (
				F06FB417225C7CC700295A92 /* RouterManager */,
			);
			name = Managers;
			path = Views/Managers;
			sourceTree = "<group>";
		};
		F06FB417225C7CC700295A92 /* RouterManager */ = {
			isa = PBXGroup;
			children = (
				F06FB418225C7CFE00295A92 /* RouterManager.swift */,
			);
			path = RouterManager;
			sourceTree = "<group>";
		};
		F06FB41A225C7D5100295A92 /* BaseViewController */ = {
			isa = PBXGroup;
			children = (
				F06FB41B225C7D6D00295A92 /* BaseViewController.swift */,
			);
			path = BaseViewController;
			sourceTree = "<group>";
		};
/* End PBXGroup section */

/* Begin PBXNativeTarget section */
		F0124F83224261B9001B9793 /* Fiasy */ = {
			isa = PBXNativeTarget;
			buildConfigurationList = F0124F99224261BB001B9793 /* Build configuration list for PBXNativeTarget "Fiasy" */;
			buildPhases = (
				70CB13640AA3E83198460BD0 /* [CP] Check Pods Manifest.lock */,
				F0124F80224261B9001B9793 /* Sources */,
				F0124F81224261B9001B9793 /* Frameworks */,
				F0124F82224261B9001B9793 /* Resources */,
				39D2B100099211191B4346C5 /* [CP] Embed Pods Frameworks */,
			);
			buildRules = (
			);
			dependencies = (
			);
			name = Fiasy;
			productName = Fiasy;
			productReference = F0124F84224261B9001B9793 /* Fiasy.app */;
			productType = "com.apple.product-type.application";
		};
/* End PBXNativeTarget section */

/* Begin PBXProject section */
		F0124F7C224261B9001B9793 /* Project object */ = {
			isa = PBXProject;
			attributes = {
				LastSwiftUpdateCheck = 1010;
				LastUpgradeCheck = 1010;
				ORGANIZATIONNAME = "Eugen Lipatov";
				TargetAttributes = {
					F0124F83224261B9001B9793 = {
						CreatedOnToolsVersion = 10.1;
					};
				};
			};
			buildConfigurationList = F0124F7F224261B9001B9793 /* Build configuration list for PBXProject "Fiasy" */;
			compatibilityVersion = "Xcode 9.3";
			developmentRegion = en;
			hasScannedForEncodings = 0;
			knownRegions = (
				en,
				Base,
			);
			mainGroup = F0124F7B224261B9001B9793;
			productRefGroup = F0124F85224261B9001B9793 /* Products */;
			projectDirPath = "";
			projectRoot = "";
			targets = (
				F0124F83224261B9001B9793 /* Fiasy */,
			);
		};
/* End PBXProject section */

/* Begin PBXResourcesBuildPhase section */
		F0124F82224261B9001B9793 /* Resources */ = {
			isa = PBXResourcesBuildPhase;
			buildActionMask = 2147483647;
			files = (
				F00E6DCC2251E8620055179E /* TabBarController.storyboard in Resources */,
				F01748A8224A15AD00E2E646 /* FirstScreenStoryBoard.storyboard in Resources */,
				F01748BE224A1ED000E2E646 /* Roboto-Italic.ttf in Resources */,
				F01748BF224A1ED000E2E646 /* Roboto-Bold.ttf in Resources */,
				F06C318B225CF09B00FDDC34 /* SecondMainCell.xib in Resources */,
				F01748BD224A1ED000E2E646 /* Roboto-Regular.ttf in Resources */,
				F01748C9224A222300E2E646 /* PremiumStoryBoard.storyboard in Resources */,
				F01748D0224A391300E2E646 /* LoginStoryboard.storyboard in Resources */,
				F01748AE224A169200E2E646 /* RegestrationStoryboard.storyboard in Resources */,
				F0293C9C2253436E00565FE4 /* Breakfast Finder Logo.png in Resources */,
				F00E6DDC2251F2530055179E /* ArticlesStoryboard.storyboard in Resources */,
				F01748C5224A1ED000E2E646 /* Roboto-Light.ttf in Resources */,
				F01748A3224A156900E2E646 /* TutorialStoryboard.storyboard in Resources */,
				F01748C4224A1ED000E2E646 /* Roboto-BlackItalic.ttf in Resources */,
				F06C3186225CF05D00FDDC34 /* PagingMainView.xib in Resources */,
				F0124F92224261BB001B9793 /* Assets.xcassets in Resources */,
				F04EF0B5225BCC6800A13005 /* PrivacyPolicyStoryBoard.storyboard in Resources */,
				F01748C1224A1ED000E2E646 /* Roboto-Thin.ttf in Resources */,
				F00E04B32251937300A25126 /* MainStoryboard.storyboard in Resources */,
				F01748C6224A1ED000E2E646 /* Roboto-LightItalic.ttf in Resources */,
				F01748C0224A1ED000E2E646 /* Roboto-Medium.ttf in Resources */,
				F00E6DDE2251F3160055179E /* RecipesStoryboard.storyboard in Resources */,
				F03E2438225174A200F338CD /* ForgotPasswordStoryBoard.storyboard in Resources */,
				F01748BC224A1ED000E2E646 /* Roboto-BoldItalic.ttf in Resources */,
				F0231C7C224E4B720051DFBA /* Slide.xib in Resources */,
				F01748C3224A1ED000E2E646 /* Roboto-Black.ttf in Resources */,
				F04EF0B9225BD14000A13005 /* RegistrationProfileStoryboard.storyboard in Resources */,
				F0124F8D224261B9001B9793 /* Main.storyboard in Resources */,
				F01748C7224A1ED000E2E646 /* Roboto-MediumItalic.ttf in Resources */,
				F01748C2224A1ED000E2E646 /* Roboto-ThinItalic.ttf in Resources */,
				F00E6DD82251F0400055179E /* MyViewController.storyboard in Resources */,
				F00E6DDA2251F0E80055179E /* TrainerStoryboard.storyboard in Resources */,
			);
			runOnlyForDeploymentPostprocessing = 0;
		};
/* End PBXResourcesBuildPhase section */

/* Begin PBXShellScriptBuildPhase section */
		39D2B100099211191B4346C5 /* [CP] Embed Pods Frameworks */ = {
			isa = PBXShellScriptBuildPhase;
			buildActionMask = 2147483647;
			files = (
			);
			inputFileListPaths = (
			);
			inputPaths = (
				"${PODS_ROOT}/Target Support Files/Pods-Fiasy/Pods-Fiasy-frameworks.sh",
				"${BUILT_PRODUCTS_DIR}/Alamofire/Alamofire.framework",
				"${BUILT_PRODUCTS_DIR}/AlamofireImage/AlamofireImage.framework",
				"${BUILT_PRODUCTS_DIR}/GoogleToolboxForMac/GoogleToolboxForMac.framework",
				"${BUILT_PRODUCTS_DIR}/MBCircularProgressBar/MBCircularProgressBar.framework",
				"${BUILT_PRODUCTS_DIR}/Parchment/Parchment.framework",
				"${BUILT_PRODUCTS_DIR}/Protobuf/Protobuf.framework",
				"${BUILT_PRODUCTS_DIR}/nanopb/nanopb.framework",
			);
			name = "[CP] Embed Pods Frameworks";
			outputFileListPaths = (
			);
			outputPaths = (
				"${TARGET_BUILD_DIR}/${FRAMEWORKS_FOLDER_PATH}/Alamofire.framework",
				"${TARGET_BUILD_DIR}/${FRAMEWORKS_FOLDER_PATH}/AlamofireImage.framework",
				"${TARGET_BUILD_DIR}/${FRAMEWORKS_FOLDER_PATH}/GoogleToolboxForMac.framework",
				"${TARGET_BUILD_DIR}/${FRAMEWORKS_FOLDER_PATH}/MBCircularProgressBar.framework",
				"${TARGET_BUILD_DIR}/${FRAMEWORKS_FOLDER_PATH}/Parchment.framework",
				"${TARGET_BUILD_DIR}/${FRAMEWORKS_FOLDER_PATH}/Protobuf.framework",
				"${TARGET_BUILD_DIR}/${FRAMEWORKS_FOLDER_PATH}/nanopb.framework",
			);
			runOnlyForDeploymentPostprocessing = 0;
			shellPath = /bin/sh;
			shellScript = "\"${PODS_ROOT}/Target Support Files/Pods-Fiasy/Pods-Fiasy-frameworks.sh\"\n";
			showEnvVarsInLog = 0;
		};
		70CB13640AA3E83198460BD0 /* [CP] Check Pods Manifest.lock */ = {
			isa = PBXShellScriptBuildPhase;
			buildActionMask = 2147483647;
			files = (
			);
			inputFileListPaths = (
			);
			inputPaths = (
				"${PODS_PODFILE_DIR_PATH}/Podfile.lock",
				"${PODS_ROOT}/Manifest.lock",
			);
			name = "[CP] Check Pods Manifest.lock";
			outputFileListPaths = (
			);
			outputPaths = (
				"$(DERIVED_FILE_DIR)/Pods-Fiasy-checkManifestLockResult.txt",
			);
			runOnlyForDeploymentPostprocessing = 0;
			shellPath = /bin/sh;
			shellScript = "diff \"${PODS_PODFILE_DIR_PATH}/Podfile.lock\" \"${PODS_ROOT}/Manifest.lock\" > /dev/null\nif [ $? != 0 ] ; then\n    # print error to STDERR\n    echo \"error: The sandbox is not in sync with the Podfile.lock. Run 'pod install' or update your CocoaPods installation.\" >&2\n    exit 1\nfi\n# This output is used by Xcode 'outputs' to avoid re-running this script phase.\necho \"SUCCESS\" > \"${SCRIPT_OUTPUT_FILE_0}\"\n";
			showEnvVarsInLog = 0;
		};
/* End PBXShellScriptBuildPhase section */

/* Begin PBXSourcesBuildPhase section */
		F0124F80224261B9001B9793 /* Sources */ = {
			isa = PBXSourcesBuildPhase;
			buildActionMask = 2147483647;
			files = (
				F06C319B225CF25E00FDDC34 /* UIView+Attributes.swift in Sources */,
				F01748AC224A167600E2E646 /* RegestrationViewController.swift in Sources */,
				F06FB419225C7CFE00295A92 /* RouterManager.swift in Sources */,
				F0293C9B2253436E00565FE4 /* VisionObjectRecognitionViewController.swift in Sources */,
				F01748AA224A15C200E2E646 /* FirstViewController.swift in Sources */,
				F06FB414225C077400295A92 /* RadioButtonContainerView.swift in Sources */,
				F06FB411225C077400295A92 /* RadioButtonContainer.swift in Sources */,
				F06FB407225C076B00295A92 /* CheckboxButtonContainerView.swift in Sources */,
				F06FB41C225C7D6D00295A92 /* BaseViewController.swift in Sources */,
				F01748CB224A225200E2E646 /* PremiumViewController.swift in Sources */,
				F00E6DD42251EDCA0055179E /* ArticlesViewController.swift in Sources */,
				F06C3190225CF12700FDDC34 /* CalendarItem.swift in Sources */,
				F06FB40B225C076B00295A92 /* CheckboxLineStyle.swift in Sources */,
				F04EF0B7225BD12400A13005 /* RegistrationProfileViewController.swift in Sources */,
				F06C319E225CF28000FDDC34 /* UITableView + Scroll.swift in Sources */,
				F06FB401225C076100295A92 /* RadioCheckboxBaseContainer.swift in Sources */,
				F06FB412225C077400295A92 /* RadioButtonCircleStyle.swift in Sources */,
				F06C318C225CF09B00FDDC34 /* SecondMainCell.swift in Sources */,
				F06C3191225CF12700FDDC34 /* SecondMainViewController.swift in Sources */,
				F01748CE224A38FF00E2E646 /* LoginViewController.swift in Sources */,
				F06C3180225CEFF900FDDC34 /* CustomPagingView.swift in Sources */,
				F06C319C225CF25E00FDDC34 /* UIView+Nib.swift in Sources */,
				F0124F90224261B9001B9793 /* Fiasy.xcdatamodeld in Sources */,
				F03E24362251747B00F338CD /* ForgotPasswordViewController.swift in Sources */,
				F0231C7D224E4B720051DFBA /* Slide.swift in Sources */,
				F06FB408225C076B00295A92 /* CheckBoxColor.swift in Sources */,
				F01748A6224A158A00E2E646 /* TutorialViewController.swift in Sources */,
				F00E6DD22251EDA50055179E /* TrainerViewController.swift in Sources */,
				F00E6DCE2251E89F0055179E /* MainTabBarVC.swift in Sources */,
				F0293C9E2253440C00565FE4 /* ViewController.swift in Sources */,
				F06C31A4225CF2D800FDDC34 /* DateFormatters.swift in Sources */,
				F0124F88224261B9001B9793 /* AppDelegate.swift in Sources */,
				F06C31A2225CF2D800FDDC34 /* UIView+constraints.swift in Sources */,
				F04EF0B3225BCC3800A13005 /* PrivacyPolicyViewController.swift in Sources */,
				F06FB415225C077400295A92 /* RadioButton.swift in Sources */,
				F06FB400225C076100295A92 /* RadioCheckboxBaseButton.swift in Sources */,
				F06FB409225C076B00295A92 /* CheckboxButton.swift in Sources */,
				F00E6DD02251ED860055179E /* MyViewController.swift in Sources */,
				F00E6DD62251EE070055179E /* RecipesViewController.swift in Sources */,
				F00E04B12251903800A25126 /* MainViewController.swift in Sources */,
				F06FB413225C077400295A92 /* RadioButtonColor.swift in Sources */,
				F06C31A3225CF2D800FDDC34 /* Display.swift in Sources */,
				F06C3187225CF05D00FDDC34 /* PagingMainView.swift in Sources */,
				F06FB40A225C076B00295A92 /* CheckboxButtonContainer.swift in Sources */,
				F0293C9A2253436E00565FE4 /* ObjectDetector.mlmodel in Sources */,
				F06C3196225CF21100FDDC34 /* UIFont+AppFont.swift in Sources */,
			);
			runOnlyForDeploymentPostprocessing = 0;
		};
/* End PBXSourcesBuildPhase section */

/* Begin PBXVariantGroup section */
		F0124F8B224261B9001B9793 /* Main.storyboard */ = {
			isa = PBXVariantGroup;
			children = (
				F0124F8C224261B9001B9793 /* Base */,
			);
			name = Main.storyboard;
			sourceTree = "<group>";
		};
		F0124F93224261BB001B9793 /* LaunchScreen.storyboard */ = {
			isa = PBXVariantGroup;
			children = (
				F0124F94224261BB001B9793 /* Base */,
			);
			name = LaunchScreen.storyboard;
			sourceTree = "<group>";
		};
/* End PBXVariantGroup section */

/* Begin XCBuildConfiguration section */
		F0124F97224261BB001B9793 /* Debug */ = {
			isa = XCBuildConfiguration;
			buildSettings = {
				ALWAYS_SEARCH_USER_PATHS = NO;
				CLANG_ANALYZER_NONNULL = YES;
				CLANG_ANALYZER_NUMBER_OBJECT_CONVERSION = YES_AGGRESSIVE;
				CLANG_CXX_LANGUAGE_STANDARD = "gnu++14";
				CLANG_CXX_LIBRARY = "libc++";
				CLANG_ENABLE_MODULES = YES;
				CLANG_ENABLE_OBJC_ARC = YES;
				CLANG_ENABLE_OBJC_WEAK = YES;
				CLANG_WARN_BLOCK_CAPTURE_AUTORELEASING = YES;
				CLANG_WARN_BOOL_CONVERSION = YES;
				CLANG_WARN_COMMA = YES;
				CLANG_WARN_CONSTANT_CONVERSION = YES;
				CLANG_WARN_DEPRECATED_OBJC_IMPLEMENTATIONS = YES;
				CLANG_WARN_DIRECT_OBJC_ISA_USAGE = YES_ERROR;
				CLANG_WARN_DOCUMENTATION_COMMENTS = YES;
				CLANG_WARN_EMPTY_BODY = YES;
				CLANG_WARN_ENUM_CONVERSION = YES;
				CLANG_WARN_INFINITE_RECURSION = YES;
				CLANG_WARN_INT_CONVERSION = YES;
				CLANG_WARN_NON_LITERAL_NULL_CONVERSION = YES;
				CLANG_WARN_OBJC_IMPLICIT_RETAIN_SELF = YES;
				CLANG_WARN_OBJC_LITERAL_CONVERSION = YES;
				CLANG_WARN_OBJC_ROOT_CLASS = YES_ERROR;
				CLANG_WARN_RANGE_LOOP_ANALYSIS = YES;
				CLANG_WARN_STRICT_PROTOTYPES = YES;
				CLANG_WARN_SUSPICIOUS_MOVE = YES;
				CLANG_WARN_UNGUARDED_AVAILABILITY = YES_AGGRESSIVE;
				CLANG_WARN_UNREACHABLE_CODE = YES;
				CLANG_WARN__DUPLICATE_METHOD_MATCH = YES;
				CODE_SIGN_IDENTITY = "iPhone Developer";
				COPY_PHASE_STRIP = NO;
				DEBUG_INFORMATION_FORMAT = dwarf;
				ENABLE_STRICT_OBJC_MSGSEND = YES;
				ENABLE_TESTABILITY = YES;
				GCC_C_LANGUAGE_STANDARD = gnu11;
				GCC_DYNAMIC_NO_PIC = NO;
				GCC_NO_COMMON_BLOCKS = YES;
				GCC_OPTIMIZATION_LEVEL = 0;
				GCC_PREPROCESSOR_DEFINITIONS = (
					"DEBUG=1",
					"$(inherited)",
				);
				GCC_WARN_64_TO_32_BIT_CONVERSION = YES;
				GCC_WARN_ABOUT_RETURN_TYPE = YES_ERROR;
				GCC_WARN_UNDECLARED_SELECTOR = YES;
				GCC_WARN_UNINITIALIZED_AUTOS = YES_AGGRESSIVE;
				GCC_WARN_UNUSED_FUNCTION = YES;
				GCC_WARN_UNUSED_VARIABLE = YES;
				IPHONEOS_DEPLOYMENT_TARGET = 12.1;
				MTL_ENABLE_DEBUG_INFO = INCLUDE_SOURCE;
				MTL_FAST_MATH = YES;
				ONLY_ACTIVE_ARCH = YES;
				SDKROOT = iphoneos;
				SWIFT_ACTIVE_COMPILATION_CONDITIONS = DEBUG;
				SWIFT_OPTIMIZATION_LEVEL = "-Onone";
			};
			name = Debug;
		};
		F0124F98224261BB001B9793 /* Release */ = {
			isa = XCBuildConfiguration;
			buildSettings = {
				ALWAYS_SEARCH_USER_PATHS = NO;
				CLANG_ANALYZER_NONNULL = YES;
				CLANG_ANALYZER_NUMBER_OBJECT_CONVERSION = YES_AGGRESSIVE;
				CLANG_CXX_LANGUAGE_STANDARD = "gnu++14";
				CLANG_CXX_LIBRARY = "libc++";
				CLANG_ENABLE_MODULES = YES;
				CLANG_ENABLE_OBJC_ARC = YES;
				CLANG_ENABLE_OBJC_WEAK = YES;
				CLANG_WARN_BLOCK_CAPTURE_AUTORELEASING = YES;
				CLANG_WARN_BOOL_CONVERSION = YES;
				CLANG_WARN_COMMA = YES;
				CLANG_WARN_CONSTANT_CONVERSION = YES;
				CLANG_WARN_DEPRECATED_OBJC_IMPLEMENTATIONS = YES;
				CLANG_WARN_DIRECT_OBJC_ISA_USAGE = YES_ERROR;
				CLANG_WARN_DOCUMENTATION_COMMENTS = YES;
				CLANG_WARN_EMPTY_BODY = YES;
				CLANG_WARN_ENUM_CONVERSION = YES;
				CLANG_WARN_INFINITE_RECURSION = YES;
				CLANG_WARN_INT_CONVERSION = YES;
				CLANG_WARN_NON_LITERAL_NULL_CONVERSION = YES;
				CLANG_WARN_OBJC_IMPLICIT_RETAIN_SELF = YES;
				CLANG_WARN_OBJC_LITERAL_CONVERSION = YES;
				CLANG_WARN_OBJC_ROOT_CLASS = YES_ERROR;
				CLANG_WARN_RANGE_LOOP_ANALYSIS = YES;
				CLANG_WARN_STRICT_PROTOTYPES = YES;
				CLANG_WARN_SUSPICIOUS_MOVE = YES;
				CLANG_WARN_UNGUARDED_AVAILABILITY = YES_AGGRESSIVE;
				CLANG_WARN_UNREACHABLE_CODE = YES;
				CLANG_WARN__DUPLICATE_METHOD_MATCH = YES;
				CODE_SIGN_IDENTITY = "iPhone Developer";
				COPY_PHASE_STRIP = NO;
				DEBUG_INFORMATION_FORMAT = "dwarf-with-dsym";
				ENABLE_NS_ASSERTIONS = NO;
				ENABLE_STRICT_OBJC_MSGSEND = YES;
				GCC_C_LANGUAGE_STANDARD = gnu11;
				GCC_NO_COMMON_BLOCKS = YES;
				GCC_WARN_64_TO_32_BIT_CONVERSION = YES;
				GCC_WARN_ABOUT_RETURN_TYPE = YES_ERROR;
				GCC_WARN_UNDECLARED_SELECTOR = YES;
				GCC_WARN_UNINITIALIZED_AUTOS = YES_AGGRESSIVE;
				GCC_WARN_UNUSED_FUNCTION = YES;
				GCC_WARN_UNUSED_VARIABLE = YES;
				IPHONEOS_DEPLOYMENT_TARGET = 12.1;
				MTL_ENABLE_DEBUG_INFO = NO;
				MTL_FAST_MATH = YES;
				SDKROOT = iphoneos;
				SWIFT_COMPILATION_MODE = wholemodule;
				SWIFT_OPTIMIZATION_LEVEL = "-O";
				VALIDATE_PRODUCT = YES;
			};
			name = Release;
		};
		F0124F9A224261BB001B9793 /* Debug */ = {
			isa = XCBuildConfiguration;
			baseConfigurationReference = 3E09325AEF0935BC223032BC /* Pods-Fiasy.debug.xcconfig */;
			buildSettings = {
				ASSETCATALOG_COMPILER_APPICON_NAME = AppIcon;
				ASSETCATALOG_COMPILER_LAUNCHIMAGE_NAME = LaunchImage;
				CODE_SIGN_STYLE = Automatic;
				DEVELOPMENT_TEAM = G79VQLR3P8;
				INFOPLIST_FILE = Fiasy/Info.plist;
				IPHONEOS_DEPLOYMENT_TARGET = 12.1;
				LD_RUNPATH_SEARCH_PATHS = (
					"$(inherited)",
					"@executable_path/Frameworks",
				);
				PRODUCT_BUNDLE_IDENTIFIER = com.fiasy.fiasyapp;
				PRODUCT_NAME = "$(TARGET_NAME)";
				SWIFT_VERSION = 4.2;
				TARGETED_DEVICE_FAMILY = 1;
			};
			name = Debug;
		};
		F0124F9B224261BB001B9793 /* Release */ = {
			isa = XCBuildConfiguration;
			baseConfigurationReference = B6767781632F4C67DE293619 /* Pods-Fiasy.release.xcconfig */;
			buildSettings = {
				ASSETCATALOG_COMPILER_APPICON_NAME = AppIcon;
				ASSETCATALOG_COMPILER_LAUNCHIMAGE_NAME = LaunchImage;
				CODE_SIGN_STYLE = Automatic;
				DEVELOPMENT_TEAM = G79VQLR3P8;
				INFOPLIST_FILE = Fiasy/Info.plist;
				IPHONEOS_DEPLOYMENT_TARGET = 12.1;
				LD_RUNPATH_SEARCH_PATHS = (
					"$(inherited)",
					"@executable_path/Frameworks",
				);
				PRODUCT_BUNDLE_IDENTIFIER = com.fiasy.fiasyapp;
				PRODUCT_NAME = "$(TARGET_NAME)";
				SWIFT_VERSION = 4.2;
				TARGETED_DEVICE_FAMILY = 1;
			};
			name = Release;
		};
/* End XCBuildConfiguration section */

/* Begin XCConfigurationList section */
		F0124F7F224261B9001B9793 /* Build configuration list for PBXProject "Fiasy" */ = {
			isa = XCConfigurationList;
			buildConfigurations = (
				F0124F97224261BB001B9793 /* Debug */,
				F0124F98224261BB001B9793 /* Release */,
			);
			defaultConfigurationIsVisible = 0;
			defaultConfigurationName = Release;
		};
		F0124F99224261BB001B9793 /* Build configuration list for PBXNativeTarget "Fiasy" */ = {
			isa = XCConfigurationList;
			buildConfigurations = (
				F0124F9A224261BB001B9793 /* Debug */,
				F0124F9B224261BB001B9793 /* Release */,
			);
			defaultConfigurationIsVisible = 0;
			defaultConfigurationName = Release;
		};
/* End XCConfigurationList section */

/* Begin XCVersionGroup section */
		F0124F8E224261B9001B9793 /* Fiasy.xcdatamodeld */ = {
			isa = XCVersionGroup;
			children = (
				F0124F8F224261B9001B9793 /* Fiasy.xcdatamodel */,
			);
			currentVersion = F0124F8F224261B9001B9793 /* Fiasy.xcdatamodel */;
			path = Fiasy.xcdatamodeld;
			sourceTree = "<group>";
			versionGroupType = wrapper.xcdatamodel;
		};
/* End XCVersionGroup section */
	};
	rootObject = F0124F7C224261B9001B9793 /* Project object */;
}
